
Microsoft Visual Studio Solution File, Format Version 12.00
# Visual Studio 15
VisualStudioVersion = 15.0.26228.9
MinimumVisualStudioVersion = 10.0.40219.1
Project("{8BC9CEB8-8B4A-11D0-8D11-00A0C91BC942}") = "Flame1.0", "Flame1.0\Flame1.0.vcxproj", "{1488BE51-F2C2-49E3-AA03-5D654E26E564}"
EndProject
Global
	GlobalSection(SolutionConfigurationPlatforms) = preSolution
		Debug|x64 = Debug|x64
		Debug|x86 = Debug|x86
		Release|x64 = Release|x64
		Release|x86 = Release|x86
	EndGlobalSection
	GlobalSection(ProjectConfigurationPlatforms) = postSolution
		{1488BE51-F2C2-49E3-AA03-5D654E26E564}.Debug|x64.ActiveCfg = Debug|x64
		{1488BE51-F2C2-49E3-AA03-5D654E26E564}.Debug|x64.Build.0 = Debug|x64
		{1488BE51-F2C2-49E3-AA03-5D654E26E564}.Debug|x86.ActiveCfg = Debug|Win32
		{1488BE51-F2C2-49E3-AA03-5D654E26E564}.Debug|x86.Build.0 = Debug|Win32
		{1488BE51-F2C2-49E3-AA03-5D654E26E564}.Release|x64.ActiveCfg = Release|x64
		{1488BE51-F2C2-49E3-AA03-5D654E26E564}.Release|x64.Build.0 = Release|x64
		{1488BE51-F2C2-49E3-AA03-5D654E26E564}.Release|x86.ActiveCfg = Release|Win32
		{1488BE51-F2C2-49E3-AA03-5D654E26E564}.Release|x86.Build.0 = Release|Win32
	EndGlobalSection
	GlobalSection(SolutionProperties) = preSolution
		HideSolutionNode = FALSE
	EndGlobalSection
EndGlobal
